uuid: bebc470e-28b5-4520-a8ec-0724f2652064
langcode: en
status: true
dependencies:
  module:
    - custom_weather
  theme:
    - customtheme
id: customtheme_customweatherblock
theme: customtheme
region: header
weight: -18
provider: null
plugin: custom_weather_block
settings:
  id: custom_weather_block
  label: 'Custom Weather block'
  label_display: '0'
  provider: custom_weather
visibility: {  }
