uuid: 2057fb66-482c-4b4d-ac66-af9270de40ad
langcode: en
status: true
dependencies:
  content:
    - 'block_content:user_block:8f2c8db4-86d7-412b-83aa-248250bb9bca'
  module:
    - block_content
    - system
  theme:
    - my_awesome_theme
id: my_awesome_theme_authorblock
theme: my_awesome_theme
region: header
weight: 0
provider: null
plugin: 'block_content:8f2c8db4-86d7-412b-83aa-248250bb9bca'
settings:
  id: 'block_content:8f2c8db4-86d7-412b-83aa-248250bb9bca'
  label: 'Author block'
  label_display: '0'
  provider: block_content
  status: true
  info: ''
  view_mode: full
visibility:
  request_path:
    id: request_path
    negate: true
    pages: "<front>\r\n/user/*\r\n/category/*"
