uuid: e9808d2a-41cb-4ec9-8dc5-9161bc2b895b
langcode: en
status: true
dependencies:
  config:
    - block_content.type.user_block
  module:
    - content_translation
third_party_settings:
  content_translation:
    enabled: false
    bundle_settings:
      untranslatable_fields_hide: '0'
id: block_content.user_block
target_entity_type_id: block_content
target_bundle: user_block
default_langcode: site_default
language_alterable: false
